version = 1
revision = 3



[[package]]
source = { registry = "https://pypi.org/simple" }
dependencies = [
]
wheels = [
]

[[package]]
source = { registry = "https://pypi.org/simple" }
dependencies = [
]
wheels = [
]

[[package]]
source = { registry = "https://pypi.org/simple" }
dependencies = [
]
wheels = [
]

[[package]]
source = { registry = "https://pypi.org/simple" }
wheels = [
]

[[package]]
source = { registry = "https://pypi.org/simple" }
wheels = [
]

[[package]]
source = { registry = "https://pypi.org/simple" }
dependencies = [
]
wheels = [
]

[package.optional-dependencies]
]

[[package]]
source = { registry = "https://pypi.org/simple" }
dependencies = [
]
wheels = [
]

[[package]]
source = { registry = "https://pypi.org/simple" }
wheels = [
]
